// !$*UTF8*$!
{
	archiveVersion = 1;
	classes = {
	};
	objectVersion = 50;
	objects = {

/* Begin PBXBuildFile section */
		4C05CE832589C72300371E21 /* main.swift in Sources */ = {isa = PBXBuildFile; fileRef = 4C05CE822589C72300371E21 /* main.swift */; };
		4C2E85E325816C2F00A940A5 /* main.swift in Sources */ = {isa = PBXBuildFile; fileRef = 4C2E85E225816C2F00A940A5 /* main.swift */; };
		4C2E85F225816C5000A940A5 /* input.swift in Sources */ = {isa = PBXBuildFile; fileRef = 4C2E85F125816C5000A940A5 /* input.swift */; };
		4C3035C9257DEC01001F033A /* main.swift in Sources */ = {isa = PBXBuildFile; fileRef = 4C3035C8257DEC01001F033A /* main.swift */; };
		4C3035D5257DEC2A001F033A /* input.swift in Sources */ = {isa = PBXBuildFile; fileRef = 4C3035D4257DEC2A001F033A /* input.swift */; };
		4C30BF9D2589C79300C12F87 /* input.swift in Sources */ = {isa = PBXBuildFile; fileRef = 4C30BF9C2589C79300C12F87 /* input.swift */; };
		4C3242BA2576052500935C89 /* main.swift in Sources */ = {isa = PBXBuildFile; fileRef = 4C3242B92576052500935C89 /* main.swift */; };
		4C3242C0257605FC00935C89 /* input.swift in Sources */ = {isa = PBXBuildFile; fileRef = 4C3242BF257605FC00935C89 /* input.swift */; };
		4C34AB39257F3F8B0042C348 /* main.swift in Sources */ = {isa = PBXBuildFile; fileRef = 4C34AB38257F3F8B0042C348 /* main.swift */; };
		4C34AB46257F3FAB0042C348 /* input.swift in Sources */ = {isa = PBXBuildFile; fileRef = 4C34AB45257F3FAB0042C348 /* input.swift */; };
		4C369E47257C9AF0006CA4B0 /* main.swift in Sources */ = {isa = PBXBuildFile; fileRef = 4C369E46257C9AF0006CA4B0 /* main.swift */; };
		4C369E52257C9B1A006CA4B0 /* input.swift in Sources */ = {isa = PBXBuildFile; fileRef = 4C369E51257C9B1A006CA4B0 /* input.swift */; };
		4C66E8282578A7EB006E934A /* main.swift in Sources */ = {isa = PBXBuildFile; fileRef = 4C66E8272578A7EB006E934A /* main.swift */; };
		4C66E8302578A818006E934A /* input.swift in Sources */ = {isa = PBXBuildFile; fileRef = 4C66E82F2578A818006E934A /* input.swift */; };
		4C6E42F1258B1A6E002E891F /* main.swift in Sources */ = {isa = PBXBuildFile; fileRef = 4C6E42F0258B1A6E002E891F /* main.swift */; };
		4C6E4307258B1AAB002E891F /* input.swift in Sources */ = {isa = PBXBuildFile; fileRef = 4C6E4306258B1AAB002E891F /* input.swift */; };
		4C74E151258C6C1D00526D10 /* main.swift in Sources */ = {isa = PBXBuildFile; fileRef = 4C74E150258C6C1D00526D10 /* main.swift */; };
		4C7FD232257B4911006C82AF /* main.swift in Sources */ = {isa = PBXBuildFile; fileRef = 4C7FD231257B4911006C82AF /* main.swift */; };
		4C7FD23C257B4940006C82AF /* input.swift in Sources */ = {isa = PBXBuildFile; fileRef = 4C7FD23B257B4940006C82AF /* input.swift */; };
		4C8443AC258C6CA2000626FB /* input.swift in Sources */ = {isa = PBXBuildFile; fileRef = 4C8443AB258C6CA2000626FB /* input.swift */; };
		4C875FBD2577561400960915 /* main.swift in Sources */ = {isa = PBXBuildFile; fileRef = 4C875FBC2577561400960915 /* main.swift */; };
		4C875FC42577564E00960915 /* input.swift in Sources */ = {isa = PBXBuildFile; fileRef = 4C875FC32577564E00960915 /* input.swift */; };
		4CAD5C182585D5CD0052404C /* main.swift in Sources */ = {isa = PBXBuildFile; fileRef = 4CAD5C172585D5CD0052404C /* main.swift */; };
		4CAD5C2A2585D5E90052404C /* input.swift in Sources */ = {isa = PBXBuildFile; fileRef = 4CAD5C292585D5E90052404C /* input.swift */; };
		4CBA389A258483F70042CDDB /* main.swift in Sources */ = {isa = PBXBuildFile; fileRef = 4CBA3899258483F70042CDDB /* main.swift */; };
		4CBA38AB258484160042CDDB /* input.swift in Sources */ = {isa = PBXBuildFile; fileRef = 4CBA38AA258484160042CDDB /* input.swift */; };
		4CC0AEB3258878A40023DCA6 /* main.swift in Sources */ = {isa = PBXBuildFile; fileRef = 4CC0AEB2258878A40023DCA6 /* main.swift */; };
		4CCE28702587283600B28CF7 /* main.swift in Sources */ = {isa = PBXBuildFile; fileRef = 4CCE286F2587283600B28CF7 /* main.swift */; };
		4CCE28832587285800B28CF7 /* input.swift in Sources */ = {isa = PBXBuildFile; fileRef = 4CCE28822587285800B28CF7 /* input.swift */; };
		4CD86C442582CBC70056921A /* main.swift in Sources */ = {isa = PBXBuildFile; fileRef = 4CD86C432582CBC70056921A /* main.swift */; };
		4CD86C542582CC0E0056921A /* input.swift in Sources */ = {isa = PBXBuildFile; fileRef = 4CD86C532582CC0E0056921A /* input.swift */; };
		4CDFF16E2579978E0062203C /* main.swift in Sources */ = {isa = PBXBuildFile; fileRef = 4CDFF16D2579978E0062203C /* main.swift */; };
		4CDFF177257997E30062203C /* input.swift in Sources */ = {isa = PBXBuildFile; fileRef = 4CDFF176257997E30062203C /* input.swift */; };
		4CF7AF3F25808F9500B21C44 /* main.swift in Sources */ = {isa = PBXBuildFile; fileRef = 4CF7AF3E25808F9500B21C44 /* main.swift */; };
		4CF7AF4D25808FB300B21C44 /* input.swift in Sources */ = {isa = PBXBuildFile; fileRef = 4CF7AF4C25808FB300B21C44 /* input.swift */; };
/* End PBXBuildFile section */

/* Begin PBXCopyFilesBuildPhase section */
		4C05CE7E2589C72300371E21 /* CopyFiles */ = {
			isa = PBXCopyFilesBuildPhase;
			buildActionMask = 2147483647;
			dstPath = /usr/share/man/man1/;
			dstSubfolderSpec = 0;
			files = (
			);
			runOnlyForDeploymentPostprocessing = 1;
		};
		4C2E85DE25816C2F00A940A5 /* CopyFiles */ = {
			isa = PBXCopyFilesBuildPhase;
			buildActionMask = 2147483647;
			dstPath = /usr/share/man/man1/;
			dstSubfolderSpec = 0;
			files = (
			);
			runOnlyForDeploymentPostprocessing = 1;
		};
		4C3035C4257DEC01001F033A /* CopyFiles */ = {
			isa = PBXCopyFilesBuildPhase;
			buildActionMask = 2147483647;
			dstPath = /usr/share/man/man1/;
			dstSubfolderSpec = 0;
			files = (
			);
			runOnlyForDeploymentPostprocessing = 1;
		};
		4C3242B52576052500935C89 /* CopyFiles */ = {
			isa = PBXCopyFilesBuildPhase;
			buildActionMask = 2147483647;
			dstPath = /usr/share/man/man1/;
			dstSubfolderSpec = 0;
			files = (
			);
			runOnlyForDeploymentPostprocessing = 1;
		};
		4C34AB34257F3F8B0042C348 /* CopyFiles */ = {
			isa = PBXCopyFilesBuildPhase;
			buildActionMask = 2147483647;
			dstPath = /usr/share/man/man1/;
			dstSubfolderSpec = 0;
			files = (
			);
			runOnlyForDeploymentPostprocessing = 1;
		};
		4C369E42257C9AF0006CA4B0 /* CopyFiles */ = {
			isa = PBXCopyFilesBuildPhase;
			buildActionMask = 2147483647;
			dstPath = /usr/share/man/man1/;
			dstSubfolderSpec = 0;
			files = (
			);
			runOnlyForDeploymentPostprocessing = 1;
		};
		4C66E8232578A7EB006E934A /* CopyFiles */ = {
			isa = PBXCopyFilesBuildPhase;
			buildActionMask = 2147483647;
			dstPath = /usr/share/man/man1/;
			dstSubfolderSpec = 0;
			files = (
			);
			runOnlyForDeploymentPostprocessing = 1;
		};
		4C6E42EC258B1A6E002E891F /* CopyFiles */ = {
			isa = PBXCopyFilesBuildPhase;
			buildActionMask = 2147483647;
			dstPath = /usr/share/man/man1/;
			dstSubfolderSpec = 0;
			files = (
			);
			runOnlyForDeploymentPostprocessing = 1;
		};
		4C74E14C258C6C1D00526D10 /* CopyFiles */ = {
			isa = PBXCopyFilesBuildPhase;
			buildActionMask = 2147483647;
			dstPath = /usr/share/man/man1/;
			dstSubfolderSpec = 0;
			files = (
			);
			runOnlyForDeploymentPostprocessing = 1;
		};
		4C7FD22D257B4911006C82AF /* CopyFiles */ = {
			isa = PBXCopyFilesBuildPhase;
			buildActionMask = 2147483647;
			dstPath = /usr/share/man/man1/;
			dstSubfolderSpec = 0;
			files = (
			);
			runOnlyForDeploymentPostprocessing = 1;
		};
		4C875FB82577561400960915 /* CopyFiles */ = {
			isa = PBXCopyFilesBuildPhase;
			buildActionMask = 2147483647;
			dstPath = /usr/share/man/man1/;
			dstSubfolderSpec = 0;
			files = (
			);
			runOnlyForDeploymentPostprocessing = 1;
		};
		4CAD5C132585D5CD0052404C /* CopyFiles */ = {
			isa = PBXCopyFilesBuildPhase;
			buildActionMask = 2147483647;
			dstPath = /usr/share/man/man1/;
			dstSubfolderSpec = 0;
			files = (
			);
			runOnlyForDeploymentPostprocessing = 1;
		};
		4CBA3895258483F70042CDDB /* CopyFiles */ = {
			isa = PBXCopyFilesBuildPhase;
			buildActionMask = 2147483647;
			dstPath = /usr/share/man/man1/;
			dstSubfolderSpec = 0;
			files = (
			);
			runOnlyForDeploymentPostprocessing = 1;
		};
		4CC0AEAE258878A40023DCA6 /* CopyFiles */ = {
			isa = PBXCopyFilesBuildPhase;
			buildActionMask = 2147483647;
			dstPath = /usr/share/man/man1/;
			dstSubfolderSpec = 0;
			files = (
			);
			runOnlyForDeploymentPostprocessing = 1;
		};
		4CCE286B2587283600B28CF7 /* CopyFiles */ = {
			isa = PBXCopyFilesBuildPhase;
			buildActionMask = 2147483647;
			dstPath = /usr/share/man/man1/;
			dstSubfolderSpec = 0;
			files = (
			);
			runOnlyForDeploymentPostprocessing = 1;
		};
		4CD86C3F2582CBC70056921A /* CopyFiles */ = {
			isa = PBXCopyFilesBuildPhase;
			buildActionMask = 2147483647;
			dstPath = /usr/share/man/man1/;
			dstSubfolderSpec = 0;
			files = (
			);
			runOnlyForDeploymentPostprocessing = 1;
		};
		4CDFF1692579978E0062203C /* CopyFiles */ = {
			isa = PBXCopyFilesBuildPhase;
			buildActionMask = 2147483647;
			dstPath = /usr/share/man/man1/;
			dstSubfolderSpec = 0;
			files = (
			);
			runOnlyForDeploymentPostprocessing = 1;
		};
		4CF7AF3A25808F9500B21C44 /* CopyFiles */ = {
			isa = PBXCopyFilesBuildPhase;
			buildActionMask = 2147483647;
			dstPath = /usr/share/man/man1/;
			dstSubfolderSpec = 0;
			files = (
			);
			runOnlyForDeploymentPostprocessing = 1;
		};
/* End PBXCopyFilesBuildPhase section */

/* Begin PBXFileReference section */
		4C05CE802589C72300371E21 /* Day16 */ = {isa = PBXFileReference; explicitFileType = "compiled.mach-o.executable"; includeInIndex = 0; path = Day16; sourceTree = BUILT_PRODUCTS_DIR; };
		4C05CE822589C72300371E21 /* main.swift */ = {isa = PBXFileReference; lastKnownFileType = sourcecode.swift; path = main.swift; sourceTree = "<group>"; };
		4C2E85E025816C2F00A940A5 /* Day10 */ = {isa = PBXFileReference; explicitFileType = "compiled.mach-o.executable"; includeInIndex = 0; path = Day10; sourceTree = BUILT_PRODUCTS_DIR; };
		4C2E85E225816C2F00A940A5 /* main.swift */ = {isa = PBXFileReference; lastKnownFileType = sourcecode.swift; path = main.swift; sourceTree = "<group>"; };
		4C2E85F125816C5000A940A5 /* input.swift */ = {isa = PBXFileReference; lastKnownFileType = sourcecode.swift; path = input.swift; sourceTree = "<group>"; };
		4C3035C6257DEC01001F033A /* Day07 */ = {isa = PBXFileReference; explicitFileType = "compiled.mach-o.executable"; includeInIndex = 0; path = Day07; sourceTree = BUILT_PRODUCTS_DIR; };
		4C3035C8257DEC01001F033A /* main.swift */ = {isa = PBXFileReference; lastKnownFileType = sourcecode.swift; path = main.swift; sourceTree = "<group>"; };
		4C3035D4257DEC2A001F033A /* input.swift */ = {isa = PBXFileReference; lastKnownFileType = sourcecode.swift; path = input.swift; sourceTree = "<group>"; };
		4C30BF9C2589C79300C12F87 /* input.swift */ = {isa = PBXFileReference; lastKnownFileType = sourcecode.swift; path = input.swift; sourceTree = "<group>"; };
		4C3242B72576052500935C89 /* Day01 */ = {isa = PBXFileReference; explicitFileType = "compiled.mach-o.executable"; includeInIndex = 0; path = Day01; sourceTree = BUILT_PRODUCTS_DIR; };
		4C3242B92576052500935C89 /* main.swift */ = {isa = PBXFileReference; lastKnownFileType = sourcecode.swift; path = main.swift; sourceTree = "<group>"; };
		4C3242BF257605FC00935C89 /* input.swift */ = {isa = PBXFileReference; lastKnownFileType = sourcecode.swift; path = input.swift; sourceTree = "<group>"; };
		4C34AB36257F3F8B0042C348 /* Day08 */ = {isa = PBXFileReference; explicitFileType = "compiled.mach-o.executable"; includeInIndex = 0; path = Day08; sourceTree = BUILT_PRODUCTS_DIR; };
		4C34AB38257F3F8B0042C348 /* main.swift */ = {isa = PBXFileReference; lastKnownFileType = sourcecode.swift; path = main.swift; sourceTree = "<group>"; };
		4C34AB45257F3FAB0042C348 /* input.swift */ = {isa = PBXFileReference; lastKnownFileType = sourcecode.swift; path = input.swift; sourceTree = "<group>"; };
		4C369E44257C9AF0006CA4B0 /* Day06 */ = {isa = PBXFileReference; explicitFileType = "compiled.mach-o.executable"; includeInIndex = 0; path = Day06; sourceTree = BUILT_PRODUCTS_DIR; };
		4C369E46257C9AF0006CA4B0 /* main.swift */ = {isa = PBXFileReference; lastKnownFileType = sourcecode.swift; path = main.swift; sourceTree = "<group>"; };
		4C369E51257C9B1A006CA4B0 /* input.swift */ = {isa = PBXFileReference; lastKnownFileType = sourcecode.swift; path = input.swift; sourceTree = "<group>"; };
		4C66E8252578A7EB006E934A /* Day03 */ = {isa = PBXFileReference; explicitFileType = "compiled.mach-o.executable"; includeInIndex = 0; path = Day03; sourceTree = BUILT_PRODUCTS_DIR; };
		4C66E8272578A7EB006E934A /* main.swift */ = {isa = PBXFileReference; lastKnownFileType = sourcecode.swift; path = main.swift; sourceTree = "<group>"; };
		4C66E82F2578A818006E934A /* input.swift */ = {isa = PBXFileReference; lastKnownFileType = sourcecode.swift; path = input.swift; sourceTree = "<group>"; };
		4C6E42EE258B1A6E002E891F /* Day17 */ = {isa = PBXFileReference; explicitFileType = "compiled.mach-o.executable"; includeInIndex = 0; path = Day17; sourceTree = BUILT_PRODUCTS_DIR; };
		4C6E42F0258B1A6E002E891F /* main.swift */ = {isa = PBXFileReference; lastKnownFileType = sourcecode.swift; path = main.swift; sourceTree = "<group>"; };
		4C6E4306258B1AAB002E891F /* input.swift */ = {isa = PBXFileReference; lastKnownFileType = sourcecode.swift; path = input.swift; sourceTree = "<group>"; };
		4C74E14E258C6C1D00526D10 /* Day18 */ = {isa = PBXFileReference; explicitFileType = "compiled.mach-o.executable"; includeInIndex = 0; path = Day18; sourceTree = BUILT_PRODUCTS_DIR; };
		4C74E150258C6C1D00526D10 /* main.swift */ = {isa = PBXFileReference; lastKnownFileType = sourcecode.swift; path = main.swift; sourceTree = "<group>"; };
		4C7FD22F257B4911006C82AF /* Day05 */ = {isa = PBXFileReference; explicitFileType = "compiled.mach-o.executable"; includeInIndex = 0; path = Day05; sourceTree = BUILT_PRODUCTS_DIR; };
		4C7FD231257B4911006C82AF /* main.swift */ = {isa = PBXFileReference; lastKnownFileType = sourcecode.swift; path = main.swift; sourceTree = "<group>"; };
		4C7FD23B257B4940006C82AF /* input.swift */ = {isa = PBXFileReference; lastKnownFileType = sourcecode.swift; path = input.swift; sourceTree = "<group>"; };
		4C8443AB258C6CA2000626FB /* input.swift */ = {isa = PBXFileReference; lastKnownFileType = sourcecode.swift; path = input.swift; sourceTree = "<group>"; };
		4C875FBA2577561400960915 /* Day02 */ = {isa = PBXFileReference; explicitFileType = "compiled.mach-o.executable"; includeInIndex = 0; path = Day02; sourceTree = BUILT_PRODUCTS_DIR; };
		4C875FBC2577561400960915 /* main.swift */ = {isa = PBXFileReference; lastKnownFileType = sourcecode.swift; path = main.swift; sourceTree = "<group>"; };
		4C875FC32577564E00960915 /* input.swift */ = {isa = PBXFileReference; lastKnownFileType = sourcecode.swift; path = input.swift; sourceTree = "<group>"; };
		4CAD5C152585D5CD0052404C /* Day13 */ = {isa = PBXFileReference; explicitFileType = "compiled.mach-o.executable"; includeInIndex = 0; path = Day13; sourceTree = BUILT_PRODUCTS_DIR; };
		4CAD5C172585D5CD0052404C /* main.swift */ = {isa = PBXFileReference; lastKnownFileType = sourcecode.swift; path = main.swift; sourceTree = "<group>"; };
		4CAD5C292585D5E90052404C /* input.swift */ = {isa = PBXFileReference; lastKnownFileType = sourcecode.swift; path = input.swift; sourceTree = "<group>"; };
		4CBA3897258483F70042CDDB /* Day12 */ = {isa = PBXFileReference; explicitFileType = "compiled.mach-o.executable"; includeInIndex = 0; path = Day12; sourceTree = BUILT_PRODUCTS_DIR; };
		4CBA3899258483F70042CDDB /* main.swift */ = {isa = PBXFileReference; lastKnownFileType = sourcecode.swift; path = main.swift; sourceTree = "<group>"; };
		4CBA38AA258484160042CDDB /* input.swift */ = {isa = PBXFileReference; lastKnownFileType = sourcecode.swift; path = input.swift; sourceTree = "<group>"; };
		4CC0AEB0258878A40023DCA6 /* Day15 */ = {isa = PBXFileReference; explicitFileType = "compiled.mach-o.executable"; includeInIndex = 0; path = Day15; sourceTree = BUILT_PRODUCTS_DIR; };
		4CC0AEB2258878A40023DCA6 /* main.swift */ = {isa = PBXFileReference; lastKnownFileType = sourcecode.swift; path = main.swift; sourceTree = "<group>"; };
		4CCE286D2587283600B28CF7 /* Day14 */ = {isa = PBXFileReference; explicitFileType = "compiled.mach-o.executable"; includeInIndex = 0; path = Day14; sourceTree = BUILT_PRODUCTS_DIR; };
		4CCE286F2587283600B28CF7 /* main.swift */ = {isa = PBXFileReference; lastKnownFileType = sourcecode.swift; path = main.swift; sourceTree = "<group>"; };
		4CCE28822587285800B28CF7 /* input.swift */ = {isa = PBXFileReference; lastKnownFileType = sourcecode.swift; path = input.swift; sourceTree = "<group>"; };
		4CD86C412582CBC70056921A /* Day11 */ = {isa = PBXFileReference; explicitFileType = "compiled.mach-o.executable"; includeInIndex = 0; path = Day11; sourceTree = BUILT_PRODUCTS_DIR; };
		4CD86C432582CBC70056921A /* main.swift */ = {isa = PBXFileReference; lastKnownFileType = sourcecode.swift; path = main.swift; sourceTree = "<group>"; };
		4CD86C532582CC0E0056921A /* input.swift */ = {isa = PBXFileReference; lastKnownFileType = sourcecode.swift; path = input.swift; sourceTree = "<group>"; };
		4CDCBED7257612FF00C18078 /* README.md */ = {isa = PBXFileReference; lastKnownFileType = net.daringfireball.markdown; path = README.md; sourceTree = "<group>"; };
		4CDCBED8257612FF00C18078 /* LICENSE.txt */ = {isa = PBXFileReference; lastKnownFileType = text; path = LICENSE.txt; sourceTree = "<group>"; };
		4CDFF16B2579978E0062203C /* Day04 */ = {isa = PBXFileReference; explicitFileType = "compiled.mach-o.executable"; includeInIndex = 0; path = Day04; sourceTree = BUILT_PRODUCTS_DIR; };
		4CDFF16D2579978E0062203C /* main.swift */ = {isa = PBXFileReference; lastKnownFileType = sourcecode.swift; path = main.swift; sourceTree = "<group>"; };
		4CDFF176257997E30062203C /* input.swift */ = {isa = PBXFileReference; lastKnownFileType = sourcecode.swift; path = input.swift; sourceTree = "<group>"; };
		4CF7AF3C25808F9500B21C44 /* Day09 */ = {isa = PBXFileReference; explicitFileType = "compiled.mach-o.executable"; includeInIndex = 0; path = Day09; sourceTree = BUILT_PRODUCTS_DIR; };
		4CF7AF3E25808F9500B21C44 /* main.swift */ = {isa = PBXFileReference; lastKnownFileType = sourcecode.swift; path = main.swift; sourceTree = "<group>"; };
		4CF7AF4C25808FB300B21C44 /* input.swift */ = {isa = PBXFileReference; lastKnownFileType = sourcecode.swift; path = input.swift; sourceTree = "<group>"; };
/* End PBXFileReference section */

/* Begin PBXFrameworksBuildPhase section */
		4C05CE7D2589C72300371E21 /* Frameworks */ = {
			isa = PBXFrameworksBuildPhase;
			buildActionMask = 2147483647;
			files = (
			);
			runOnlyForDeploymentPostprocessing = 0;
		};
		4C2E85DD25816C2F00A940A5 /* Frameworks */ = {
			isa = PBXFrameworksBuildPhase;
			buildActionMask = 2147483647;
			files = (
			);
			runOnlyForDeploymentPostprocessing = 0;
		};
		4C3035C3257DEC01001F033A /* Frameworks */ = {
			isa = PBXFrameworksBuildPhase;
			buildActionMask = 2147483647;
			files = (
			);
			runOnlyForDeploymentPostprocessing = 0;
		};
		4C3242B42576052500935C89 /* Frameworks */ = {
			isa = PBXFrameworksBuildPhase;
			buildActionMask = 2147483647;
			files = (
			);
			runOnlyForDeploymentPostprocessing = 0;
		};
		4C34AB33257F3F8B0042C348 /* Frameworks */ = {
			isa = PBXFrameworksBuildPhase;
			buildActionMask = 2147483647;
			files = (
			);
			runOnlyForDeploymentPostprocessing = 0;
		};
		4C369E41257C9AF0006CA4B0 /* Frameworks */ = {
			isa = PBXFrameworksBuildPhase;
			buildActionMask = 2147483647;
			files = (
			);
			runOnlyForDeploymentPostprocessing = 0;
		};
		4C66E8222578A7EB006E934A /* Frameworks */ = {
			isa = PBXFrameworksBuildPhase;
			buildActionMask = 2147483647;
			files = (
			);
			runOnlyForDeploymentPostprocessing = 0;
		};
		4C6E42EB258B1A6E002E891F /* Frameworks */ = {
			isa = PBXFrameworksBuildPhase;
			buildActionMask = 2147483647;
			files = (
			);
			runOnlyForDeploymentPostprocessing = 0;
		};
		4C74E14B258C6C1D00526D10 /* Frameworks */ = {
			isa = PBXFrameworksBuildPhase;
			buildActionMask = 2147483647;
			files = (
			);
			runOnlyForDeploymentPostprocessing = 0;
		};
		4C7FD22C257B4911006C82AF /* Frameworks */ = {
			isa = PBXFrameworksBuildPhase;
			buildActionMask = 2147483647;
			files = (
			);
			runOnlyForDeploymentPostprocessing = 0;
		};
		4C875FB72577561400960915 /* Frameworks */ = {
			isa = PBXFrameworksBuildPhase;
			buildActionMask = 2147483647;
			files = (
			);
			runOnlyForDeploymentPostprocessing = 0;
		};
		4CAD5C122585D5CD0052404C /* Frameworks */ = {
			isa = PBXFrameworksBuildPhase;
			buildActionMask = 2147483647;
			files = (
			);
			runOnlyForDeploymentPostprocessing = 0;
		};
		4CBA3894258483F70042CDDB /* Frameworks */ = {
			isa = PBXFrameworksBuildPhase;
			buildActionMask = 2147483647;
			files = (
			);
			runOnlyForDeploymentPostprocessing = 0;
		};
		4CC0AEAD258878A40023DCA6 /* Frameworks */ = {
			isa = PBXFrameworksBuildPhase;
			buildActionMask = 2147483647;
			files = (
			);
			runOnlyForDeploymentPostprocessing = 0;
		};
		4CCE286A2587283600B28CF7 /* Frameworks */ = {
			isa = PBXFrameworksBuildPhase;
			buildActionMask = 2147483647;
			files = (
			);
			runOnlyForDeploymentPostprocessing = 0;
		};
		4CD86C3E2582CBC70056921A /* Frameworks */ = {
			isa = PBXFrameworksBuildPhase;
			buildActionMask = 2147483647;
			files = (
			);
			runOnlyForDeploymentPostprocessing = 0;
		};
		4CDFF1682579978E0062203C /* Frameworks */ = {
			isa = PBXFrameworksBuildPhase;
			buildActionMask = 2147483647;
			files = (
			);
			runOnlyForDeploymentPostprocessing = 0;
		};
		4CF7AF3925808F9500B21C44 /* Frameworks */ = {
			isa = PBXFrameworksBuildPhase;
			buildActionMask = 2147483647;
			files = (
			);
			runOnlyForDeploymentPostprocessing = 0;
		};
/* End PBXFrameworksBuildPhase section */

/* Begin PBXGroup section */
		4C05CE812589C72300371E21 /* Day16 */ = {
			isa = PBXGroup;
			children = (
				4C30BF9C2589C79300C12F87 /* input.swift */,
				4C05CE822589C72300371E21 /* main.swift */,
			);
			path = Day16;
			sourceTree = "<group>";
		};
		4C2E85E125816C2F00A940A5 /* Day10 */ = {
			isa = PBXGroup;
			children = (
				4C2E85F125816C5000A940A5 /* input.swift */,
				4C2E85E225816C2F00A940A5 /* main.swift */,
			);
			path = Day10;
			sourceTree = "<group>";
		};
		4C3035C7257DEC01001F033A /* Day07 */ = {
			isa = PBXGroup;
			children = (
				4C3035D4257DEC2A001F033A /* input.swift */,
				4C3035C8257DEC01001F033A /* main.swift */,
			);
			path = Day07;
			sourceTree = "<group>";
		};
		4C324286257604B800935C89 = {
			isa = PBXGroup;
			children = (
				4CDCBED8257612FF00C18078 /* LICENSE.txt */,
				4CDCBED7257612FF00C18078 /* README.md */,
				4C324291257604B800935C89 /* Advent of Code 2020 */,
				4C324290257604B800935C89 /* Products */,
			);
			sourceTree = "<group>";
		};
		4C324290257604B800935C89 /* Products */ = {
			isa = PBXGroup;
			children = (
				4C3242B72576052500935C89 /* Day01 */,
				4C875FBA2577561400960915 /* Day02 */,
				4C66E8252578A7EB006E934A /* Day03 */,
				4CDFF16B2579978E0062203C /* Day04 */,
				4C7FD22F257B4911006C82AF /* Day05 */,
				4C369E44257C9AF0006CA4B0 /* Day06 */,
				4C3035C6257DEC01001F033A /* Day07 */,
				4C34AB36257F3F8B0042C348 /* Day08 */,
				4CF7AF3C25808F9500B21C44 /* Day09 */,
				4C2E85E025816C2F00A940A5 /* Day10 */,
				4CD86C412582CBC70056921A /* Day11 */,
				4CBA3897258483F70042CDDB /* Day12 */,
				4CAD5C152585D5CD0052404C /* Day13 */,
				4CCE286D2587283600B28CF7 /* Day14 */,
				4CC0AEB0258878A40023DCA6 /* Day15 */,
				4C05CE802589C72300371E21 /* Day16 */,
				4C6E42EE258B1A6E002E891F /* Day17 */,
				4C74E14E258C6C1D00526D10 /* Day18 */,
			);
			name = Products;
			sourceTree = "<group>";
		};
		4C324291257604B800935C89 /* Advent of Code 2020 */ = {
			isa = PBXGroup;
			children = (
				4C3242B82576052500935C89 /* Day01 */,
				4C875FBB2577561400960915 /* Day02 */,
				4C66E8262578A7EB006E934A /* Day03 */,
				4CDFF16C2579978E0062203C /* Day04 */,
				4C7FD230257B4911006C82AF /* Day05 */,
				4C369E45257C9AF0006CA4B0 /* Day06 */,
				4C3035C7257DEC01001F033A /* Day07 */,
				4C34AB37257F3F8B0042C348 /* Day08 */,
				4CF7AF3D25808F9500B21C44 /* Day09 */,
				4C2E85E125816C2F00A940A5 /* Day10 */,
				4CD86C422582CBC70056921A /* Day11 */,
				4CBA3898258483F70042CDDB /* Day12 */,
				4CAD5C162585D5CD0052404C /* Day13 */,
				4CCE286E2587283600B28CF7 /* Day14 */,
				4CC0AEB1258878A40023DCA6 /* Day15 */,
				4C05CE812589C72300371E21 /* Day16 */,
				4C6E42EF258B1A6E002E891F /* Day17 */,
				4C74E14F258C6C1D00526D10 /* Day18 */,
			);
			path = "Advent of Code 2020";
			sourceTree = "<group>";
		};
		4C3242B82576052500935C89 /* Day01 */ = {
			isa = PBXGroup;
			children = (
				4C3242BF257605FC00935C89 /* input.swift */,
				4C3242B92576052500935C89 /* main.swift */,
			);
			path = Day01;
			sourceTree = "<group>";
		};
		4C34AB37257F3F8B0042C348 /* Day08 */ = {
			isa = PBXGroup;
			children = (
				4C34AB45257F3FAB0042C348 /* input.swift */,
				4C34AB38257F3F8B0042C348 /* main.swift */,
			);
			path = Day08;
			sourceTree = "<group>";
		};
		4C369E45257C9AF0006CA4B0 /* Day06 */ = {
			isa = PBXGroup;
			children = (
				4C369E51257C9B1A006CA4B0 /* input.swift */,
				4C369E46257C9AF0006CA4B0 /* main.swift */,
			);
			path = Day06;
			sourceTree = "<group>";
		};
		4C66E8262578A7EB006E934A /* Day03 */ = {
			isa = PBXGroup;
			children = (
				4C66E82F2578A818006E934A /* input.swift */,
				4C66E8272578A7EB006E934A /* main.swift */,
			);
			path = Day03;
			sourceTree = "<group>";
		};
		4C6E42EF258B1A6E002E891F /* Day17 */ = {
			isa = PBXGroup;
			children = (
				4C6E4306258B1AAB002E891F /* input.swift */,
				4C6E42F0258B1A6E002E891F /* main.swift */,
			);
			path = Day17;
			sourceTree = "<group>";
		};
		4C74E14F258C6C1D00526D10 /* Day18 */ = {
			isa = PBXGroup;
			children = (
				4C8443AB258C6CA2000626FB /* input.swift */,
				4C74E150258C6C1D00526D10 /* main.swift */,
			);
			path = Day18;
			sourceTree = "<group>";
		};
		4C7FD230257B4911006C82AF /* Day05 */ = {
			isa = PBXGroup;
			children = (
				4C7FD23B257B4940006C82AF /* input.swift */,
				4C7FD231257B4911006C82AF /* main.swift */,
			);
			path = Day05;
			sourceTree = "<group>";
		};
		4C875FBB2577561400960915 /* Day02 */ = {
			isa = PBXGroup;
			children = (
				4C875FC32577564E00960915 /* input.swift */,
				4C875FBC2577561400960915 /* main.swift */,
			);
			path = Day02;
			sourceTree = "<group>";
		};
		4CAD5C162585D5CD0052404C /* Day13 */ = {
			isa = PBXGroup;
			children = (
				4CAD5C292585D5E90052404C /* input.swift */,
				4CAD5C172585D5CD0052404C /* main.swift */,
			);
			path = Day13;
			sourceTree = "<group>";
		};
		4CBA3898258483F70042CDDB /* Day12 */ = {
			isa = PBXGroup;
			children = (
				4CBA38AA258484160042CDDB /* input.swift */,
				4CBA3899258483F70042CDDB /* main.swift */,
			);
			path = Day12;
			sourceTree = "<group>";
		};
		4CC0AEB1258878A40023DCA6 /* Day15 */ = {
			isa = PBXGroup;
			children = (
				4CC0AEB2258878A40023DCA6 /* main.swift */,
			);
			path = Day15;
			sourceTree = "<group>";
		};
		4CCE286E2587283600B28CF7 /* Day14 */ = {
			isa = PBXGroup;
			children = (
				4CCE28822587285800B28CF7 /* input.swift */,
				4CCE286F2587283600B28CF7 /* main.swift */,
			);
			path = Day14;
			sourceTree = "<group>";
		};
		4CD86C422582CBC70056921A /* Day11 */ = {
			isa = PBXGroup;
			children = (
				4CD86C532582CC0E0056921A /* input.swift */,
				4CD86C432582CBC70056921A /* main.swift */,
			);
			path = Day11;
			sourceTree = "<group>";
		};
		4CDFF16C2579978E0062203C /* Day04 */ = {
			isa = PBXGroup;
			children = (
				4CDFF176257997E30062203C /* input.swift */,
				4CDFF16D2579978E0062203C /* main.swift */,
			);
			path = Day04;
			sourceTree = "<group>";
		};
		4CF7AF3D25808F9500B21C44 /* Day09 */ = {
			isa = PBXGroup;
			children = (
				4CF7AF4C25808FB300B21C44 /* input.swift */,
				4CF7AF3E25808F9500B21C44 /* main.swift */,
			);
			path = Day09;
			sourceTree = "<group>";
		};
/* End PBXGroup section */

/* Begin PBXNativeTarget section */
		4C05CE7F2589C72300371E21 /* Day16 */ = {
			isa = PBXNativeTarget;
			buildConfigurationList = 4C05CE862589C72300371E21 /* Build configuration list for PBXNativeTarget "Day16" */;
			buildPhases = (
				4C05CE7C2589C72300371E21 /* Sources */,
				4C05CE7D2589C72300371E21 /* Frameworks */,
				4C05CE7E2589C72300371E21 /* CopyFiles */,
			);
			buildRules = (
			);
			dependencies = (
			);
			name = Day16;
			productName = Day16;
			productReference = 4C05CE802589C72300371E21 /* Day16 */;
			productType = "com.apple.product-type.tool";
		};
		4C2E85DF25816C2F00A940A5 /* Day10 */ = {
			isa = PBXNativeTarget;
			buildConfigurationList = 4C2E85E625816C2F00A940A5 /* Build configuration list for PBXNativeTarget "Day10" */;
			buildPhases = (
				4C2E85DC25816C2F00A940A5 /* Sources */,
				4C2E85DD25816C2F00A940A5 /* Frameworks */,
				4C2E85DE25816C2F00A940A5 /* CopyFiles */,
			);
			buildRules = (
			);
			dependencies = (
			);
			name = Day10;
			productName = Day10;
			productReference = 4C2E85E025816C2F00A940A5 /* Day10 */;
			productType = "com.apple.product-type.tool";
		};
		4C3035C5257DEC01001F033A /* Day07 */ = {
			isa = PBXNativeTarget;
			buildConfigurationList = 4C3035CC257DEC01001F033A /* Build configuration list for PBXNativeTarget "Day07" */;
			buildPhases = (
				4C3035C2257DEC01001F033A /* Sources */,
				4C3035C3257DEC01001F033A /* Frameworks */,
				4C3035C4257DEC01001F033A /* CopyFiles */,
			);
			buildRules = (
			);
			dependencies = (
			);
			name = Day07;
			productName = Day07;
			productReference = 4C3035C6257DEC01001F033A /* Day07 */;
			productType = "com.apple.product-type.tool";
		};
		4C3242B62576052500935C89 /* Day01 */ = {
			isa = PBXNativeTarget;
			buildConfigurationList = 4C3242BB2576052500935C89 /* Build configuration list for PBXNativeTarget "Day01" */;
			buildPhases = (
				4C3242B32576052500935C89 /* Sources */,
				4C3242B42576052500935C89 /* Frameworks */,
				4C3242B52576052500935C89 /* CopyFiles */,
			);
			buildRules = (
			);
			dependencies = (
			);
			name = Day01;
			productName = Day01;
			productReference = 4C3242B72576052500935C89 /* Day01 */;
			productType = "com.apple.product-type.tool";
		};
		4C34AB35257F3F8B0042C348 /* Day08 */ = {
			isa = PBXNativeTarget;
			buildConfigurationList = 4C34AB3C257F3F8B0042C348 /* Build configuration list for PBXNativeTarget "Day08" */;
			buildPhases = (
				4C34AB32257F3F8B0042C348 /* Sources */,
				4C34AB33257F3F8B0042C348 /* Frameworks */,
				4C34AB34257F3F8B0042C348 /* CopyFiles */,
			);
			buildRules = (
			);
			dependencies = (
			);
			name = Day08;
			productName = Day08;
			productReference = 4C34AB36257F3F8B0042C348 /* Day08 */;
			productType = "com.apple.product-type.tool";
		};
		4C369E43257C9AF0006CA4B0 /* Day06 */ = {
			isa = PBXNativeTarget;
			buildConfigurationList = 4C369E4A257C9AF0006CA4B0 /* Build configuration list for PBXNativeTarget "Day06" */;
			buildPhases = (
				4C369E40257C9AF0006CA4B0 /* Sources */,
				4C369E41257C9AF0006CA4B0 /* Frameworks */,
				4C369E42257C9AF0006CA4B0 /* CopyFiles */,
			);
			buildRules = (
			);
			dependencies = (
			);
			name = Day06;
			productName = Day06;
			productReference = 4C369E44257C9AF0006CA4B0 /* Day06 */;
			productType = "com.apple.product-type.tool";
		};
		4C66E8242578A7EB006E934A /* Day03 */ = {
			isa = PBXNativeTarget;
			buildConfigurationList = 4C66E82B2578A7EB006E934A /* Build configuration list for PBXNativeTarget "Day03" */;
			buildPhases = (
				4C66E8212578A7EB006E934A /* Sources */,
				4C66E8222578A7EB006E934A /* Frameworks */,
				4C66E8232578A7EB006E934A /* CopyFiles */,
			);
			buildRules = (
			);
			dependencies = (
			);
			name = Day03;
			productName = Day03;
			productReference = 4C66E8252578A7EB006E934A /* Day03 */;
			productType = "com.apple.product-type.tool";
		};
		4C6E42ED258B1A6E002E891F /* Day17 */ = {
			isa = PBXNativeTarget;
			buildConfigurationList = 4C6E42F4258B1A6E002E891F /* Build configuration list for PBXNativeTarget "Day17" */;
			buildPhases = (
				4C6E42EA258B1A6E002E891F /* Sources */,
				4C6E42EB258B1A6E002E891F /* Frameworks */,
				4C6E42EC258B1A6E002E891F /* CopyFiles */,
			);
			buildRules = (
			);
			dependencies = (
			);
			name = Day17;
			productName = Day17;
			productReference = 4C6E42EE258B1A6E002E891F /* Day17 */;
			productType = "com.apple.product-type.tool";
		};
		4C74E14D258C6C1D00526D10 /* Day18 */ = {
			isa = PBXNativeTarget;
			buildConfigurationList = 4C74E154258C6C1D00526D10 /* Build configuration list for PBXNativeTarget "Day18" */;
			buildPhases = (
				4C74E14A258C6C1D00526D10 /* Sources */,
				4C74E14B258C6C1D00526D10 /* Frameworks */,
				4C74E14C258C6C1D00526D10 /* CopyFiles */,
			);
			buildRules = (
			);
			dependencies = (
			);
			name = Day18;
			productName = Day18;
			productReference = 4C74E14E258C6C1D00526D10 /* Day18 */;
			productType = "com.apple.product-type.tool";
		};
		4C7FD22E257B4911006C82AF /* Day05 */ = {
			isa = PBXNativeTarget;
			buildConfigurationList = 4C7FD235257B4911006C82AF /* Build configuration list for PBXNativeTarget "Day05" */;
			buildPhases = (
				4C7FD22B257B4911006C82AF /* Sources */,
				4C7FD22C257B4911006C82AF /* Frameworks */,
				4C7FD22D257B4911006C82AF /* CopyFiles */,
			);
			buildRules = (
			);
			dependencies = (
			);
			name = Day05;
			productName = Day05;
			productReference = 4C7FD22F257B4911006C82AF /* Day05 */;
			productType = "com.apple.product-type.tool";
		};
		4C875FB92577561400960915 /* Day02 */ = {
			isa = PBXNativeTarget;
			buildConfigurationList = 4C875FC02577561400960915 /* Build configuration list for PBXNativeTarget "Day02" */;
			buildPhases = (
				4C875FB62577561400960915 /* Sources */,
				4C875FB72577561400960915 /* Frameworks */,
				4C875FB82577561400960915 /* CopyFiles */,
			);
			buildRules = (
			);
			dependencies = (
			);
			name = Day02;
			productName = Day02;
			productReference = 4C875FBA2577561400960915 /* Day02 */;
			productType = "com.apple.product-type.tool";
		};
		4CAD5C142585D5CD0052404C /* Day13 */ = {
			isa = PBXNativeTarget;
			buildConfigurationList = 4CAD5C1B2585D5CD0052404C /* Build configuration list for PBXNativeTarget "Day13" */;
			buildPhases = (
				4CAD5C112585D5CD0052404C /* Sources */,
				4CAD5C122585D5CD0052404C /* Frameworks */,
				4CAD5C132585D5CD0052404C /* CopyFiles */,
			);
			buildRules = (
			);
			dependencies = (
			);
			name = Day13;
			productName = Day13;
			productReference = 4CAD5C152585D5CD0052404C /* Day13 */;
			productType = "com.apple.product-type.tool";
		};
		4CBA3896258483F70042CDDB /* Day12 */ = {
			isa = PBXNativeTarget;
			buildConfigurationList = 4CBA389D258483F70042CDDB /* Build configuration list for PBXNativeTarget "Day12" */;
			buildPhases = (
				4CBA3893258483F70042CDDB /* Sources */,
				4CBA3894258483F70042CDDB /* Frameworks */,
				4CBA3895258483F70042CDDB /* CopyFiles */,
			);
			buildRules = (
			);
			dependencies = (
			);
			name = Day12;
			productName = Day12;
			productReference = 4CBA3897258483F70042CDDB /* Day12 */;
			productType = "com.apple.product-type.tool";
		};
		4CC0AEAF258878A40023DCA6 /* Day15 */ = {
			isa = PBXNativeTarget;
			buildConfigurationList = 4CC0AEB6258878A40023DCA6 /* Build configuration list for PBXNativeTarget "Day15" */;
			buildPhases = (
				4CC0AEAC258878A40023DCA6 /* Sources */,
				4CC0AEAD258878A40023DCA6 /* Frameworks */,
				4CC0AEAE258878A40023DCA6 /* CopyFiles */,
			);
			buildRules = (
			);
			dependencies = (
			);
			name = Day15;
			productName = Day15;
			productReference = 4CC0AEB0258878A40023DCA6 /* Day15 */;
			productType = "com.apple.product-type.tool";
		};
		4CCE286C2587283600B28CF7 /* Day14 */ = {
			isa = PBXNativeTarget;
			buildConfigurationList = 4CCE28732587283600B28CF7 /* Build configuration list for PBXNativeTarget "Day14" */;
			buildPhases = (
				4CCE28692587283600B28CF7 /* Sources */,
				4CCE286A2587283600B28CF7 /* Frameworks */,
				4CCE286B2587283600B28CF7 /* CopyFiles */,
			);
			buildRules = (
			);
			dependencies = (
			);
			name = Day14;
			productName = Day14;
			productReference = 4CCE286D2587283600B28CF7 /* Day14 */;
			productType = "com.apple.product-type.tool";
		};
		4CD86C402582CBC70056921A /* Day11 */ = {
			isa = PBXNativeTarget;
			buildConfigurationList = 4CD86C472582CBC70056921A /* Build configuration list for PBXNativeTarget "Day11" */;
			buildPhases = (
				4CD86C3D2582CBC70056921A /* Sources */,
				4CD86C3E2582CBC70056921A /* Frameworks */,
				4CD86C3F2582CBC70056921A /* CopyFiles */,
			);
			buildRules = (
			);
			dependencies = (
			);
			name = Day11;
			productName = Day11;
			productReference = 4CD86C412582CBC70056921A /* Day11 */;
			productType = "com.apple.product-type.tool";
		};
		4CDFF16A2579978E0062203C /* Day04 */ = {
			isa = PBXNativeTarget;
			buildConfigurationList = 4CDFF1712579978E0062203C /* Build configuration list for PBXNativeTarget "Day04" */;
			buildPhases = (
				4CDFF1672579978E0062203C /* Sources */,
				4CDFF1682579978E0062203C /* Frameworks */,
				4CDFF1692579978E0062203C /* CopyFiles */,
			);
			buildRules = (
			);
			dependencies = (
			);
			name = Day04;
			productName = Day04;
			productReference = 4CDFF16B2579978E0062203C /* Day04 */;
			productType = "com.apple.product-type.tool";
		};
		4CF7AF3B25808F9500B21C44 /* Day09 */ = {
			isa = PBXNativeTarget;
			buildConfigurationList = 4CF7AF4225808F9500B21C44 /* Build configuration list for PBXNativeTarget "Day09" */;
			buildPhases = (
				4CF7AF3825808F9500B21C44 /* Sources */,
				4CF7AF3925808F9500B21C44 /* Frameworks */,
				4CF7AF3A25808F9500B21C44 /* CopyFiles */,
			);
			buildRules = (
			);
			dependencies = (
			);
			name = Day09;
			productName = Day09;
			productReference = 4CF7AF3C25808F9500B21C44 /* Day09 */;
			productType = "com.apple.product-type.tool";
		};
/* End PBXNativeTarget section */

/* Begin PBXProject section */
		4C324287257604B800935C89 /* Project object */ = {
			isa = PBXProject;
			attributes = {
				LastSwiftUpdateCheck = 1230;
				LastUpgradeCheck = 1230;
				ORGANIZATIONNAME = "Michael Fenske";
				TargetAttributes = {
					4C05CE7F2589C72300371E21 = {
						CreatedOnToolsVersion = 12.3;
					};
					4C2E85DF25816C2F00A940A5 = {
						CreatedOnToolsVersion = 12.2;
					};
					4C3035C5257DEC01001F033A = {
						CreatedOnToolsVersion = 12.2;
					};
					4C3242B62576052500935C89 = {
						CreatedOnToolsVersion = 12.2;
					};
					4C34AB35257F3F8B0042C348 = {
						CreatedOnToolsVersion = 12.2;
					};
					4C369E43257C9AF0006CA4B0 = {
						CreatedOnToolsVersion = 12.2;
					};
					4C66E8242578A7EB006E934A = {
						CreatedOnToolsVersion = 12.2;
					};
					4C6E42ED258B1A6E002E891F = {
						CreatedOnToolsVersion = 12.3;
					};
					4C74E14D258C6C1D00526D10 = {
						CreatedOnToolsVersion = 12.3;
					};
					4C7FD22E257B4911006C82AF = {
						CreatedOnToolsVersion = 12.2;
					};
					4C875FB92577561400960915 = {
						CreatedOnToolsVersion = 12.2;
					};
					4CAD5C142585D5CD0052404C = {
						CreatedOnToolsVersion = 12.2;
					};
					4CBA3896258483F70042CDDB = {
						CreatedOnToolsVersion = 12.2;
					};
					4CC0AEAF258878A40023DCA6 = {
						CreatedOnToolsVersion = 12.3;
					};
					4CCE286C2587283600B28CF7 = {
						CreatedOnToolsVersion = 12.2;
					};
					4CD86C402582CBC70056921A = {
						CreatedOnToolsVersion = 12.2;
					};
					4CDFF16A2579978E0062203C = {
						CreatedOnToolsVersion = 12.2;
					};
					4CF7AF3B25808F9500B21C44 = {
						CreatedOnToolsVersion = 12.2;
					};
				};
			};
			buildConfigurationList = 4C32428A257604B800935C89 /* Build configuration list for PBXProject "Advent of Code 2020" */;
			compatibilityVersion = "Xcode 9.3";
			developmentRegion = en;
			hasScannedForEncodings = 0;
			knownRegions = (
				en,
				Base,
			);
			mainGroup = 4C324286257604B800935C89;
			productRefGroup = 4C324290257604B800935C89 /* Products */;
			projectDirPath = "";
			projectRoot = "";
			targets = (
				4C3242B62576052500935C89 /* Day01 */,
				4C875FB92577561400960915 /* Day02 */,
				4C66E8242578A7EB006E934A /* Day03 */,
				4CDFF16A2579978E0062203C /* Day04 */,
				4C7FD22E257B4911006C82AF /* Day05 */,
				4C369E43257C9AF0006CA4B0 /* Day06 */,
				4C3035C5257DEC01001F033A /* Day07 */,
				4C34AB35257F3F8B0042C348 /* Day08 */,
				4CF7AF3B25808F9500B21C44 /* Day09 */,
				4C2E85DF25816C2F00A940A5 /* Day10 */,
				4CD86C402582CBC70056921A /* Day11 */,
				4CBA3896258483F70042CDDB /* Day12 */,
				4CAD5C142585D5CD0052404C /* Day13 */,
				4CCE286C2587283600B28CF7 /* Day14 */,
				4CC0AEAF258878A40023DCA6 /* Day15 */,
				4C05CE7F2589C72300371E21 /* Day16 */,
				4C6E42ED258B1A6E002E891F /* Day17 */,
				4C74E14D258C6C1D00526D10 /* Day18 */,
			);
		};
/* End PBXProject section */

/* Begin PBXSourcesBuildPhase section */
		4C05CE7C2589C72300371E21 /* Sources */ = {
			isa = PBXSourcesBuildPhase;
			buildActionMask = 2147483647;
			files = (
				4C30BF9D2589C79300C12F87 /* input.swift in Sources */,
				4C05CE832589C72300371E21 /* main.swift in Sources */,
			);
			runOnlyForDeploymentPostprocessing = 0;
		};
		4C2E85DC25816C2F00A940A5 /* Sources */ = {
			isa = PBXSourcesBuildPhase;
			buildActionMask = 2147483647;
			files = (
				4C2E85F225816C5000A940A5 /* input.swift in Sources */,
				4C2E85E325816C2F00A940A5 /* main.swift in Sources */,
			);
			runOnlyForDeploymentPostprocessing = 0;
		};
		4C3035C2257DEC01001F033A /* Sources */ = {
			isa = PBXSourcesBuildPhase;
			buildActionMask = 2147483647;
			files = (
				4C3035D5257DEC2A001F033A /* input.swift in Sources */,
				4C3035C9257DEC01001F033A /* main.swift in Sources */,
			);
			runOnlyForDeploymentPostprocessing = 0;
		};
		4C3242B32576052500935C89 /* Sources */ = {
			isa = PBXSourcesBuildPhase;
			buildActionMask = 2147483647;
			files = (
				4C3242C0257605FC00935C89 /* input.swift in Sources */,
				4C3242BA2576052500935C89 /* main.swift in Sources */,
			);
			runOnlyForDeploymentPostprocessing = 0;
		};
		4C34AB32257F3F8B0042C348 /* Sources */ = {
			isa = PBXSourcesBuildPhase;
			buildActionMask = 2147483647;
			files = (
				4C34AB46257F3FAB0042C348 /* input.swift in Sources */,
				4C34AB39257F3F8B0042C348 /* main.swift in Sources */,
			);
			runOnlyForDeploymentPostprocessing = 0;
		};
		4C369E40257C9AF0006CA4B0 /* Sources */ = {
			isa = PBXSourcesBuildPhase;
			buildActionMask = 2147483647;
			files = (
				4C369E52257C9B1A006CA4B0 /* input.swift in Sources */,
				4C369E47257C9AF0006CA4B0 /* main.swift in Sources */,
			);
			runOnlyForDeploymentPostprocessing = 0;
		};
		4C66E8212578A7EB006E934A /* Sources */ = {
			isa = PBXSourcesBuildPhase;
			buildActionMask = 2147483647;
			files = (
				4C66E8302578A818006E934A /* input.swift in Sources */,
				4C66E8282578A7EB006E934A /* main.swift in Sources */,
			);
			runOnlyForDeploymentPostprocessing = 0;
		};
		4C6E42EA258B1A6E002E891F /* Sources */ = {
			isa = PBXSourcesBuildPhase;
			buildActionMask = 2147483647;
			files = (
				4C6E4307258B1AAB002E891F /* input.swift in Sources */,
				4C6E42F1258B1A6E002E891F /* main.swift in Sources */,
			);
			runOnlyForDeploymentPostprocessing = 0;
		};
		4C74E14A258C6C1D00526D10 /* Sources */ = {
			isa = PBXSourcesBuildPhase;
			buildActionMask = 2147483647;
			files = (
				4C8443AC258C6CA2000626FB /* input.swift in Sources */,
				4C74E151258C6C1D00526D10 /* main.swift in Sources */,
			);
			runOnlyForDeploymentPostprocessing = 0;
		};
		4C7FD22B257B4911006C82AF /* Sources */ = {
			isa = PBXSourcesBuildPhase;
			buildActionMask = 2147483647;
			files = (
				4C7FD23C257B4940006C82AF /* input.swift in Sources */,
				4C7FD232257B4911006C82AF /* main.swift in Sources */,
			);
			runOnlyForDeploymentPostprocessing = 0;
		};
		4C875FB62577561400960915 /* Sources */ = {
			isa = PBXSourcesBuildPhase;
			buildActionMask = 2147483647;
			files = (
				4C875FC42577564E00960915 /* input.swift in Sources */,
				4C875FBD2577561400960915 /* main.swift in Sources */,
			);
			runOnlyForDeploymentPostprocessing = 0;
		};
		4CAD5C112585D5CD0052404C /* Sources */ = {
			isa = PBXSourcesBuildPhase;
			buildActionMask = 2147483647;
			files = (
				4CAD5C2A2585D5E90052404C /* input.swift in Sources */,
				4CAD5C182585D5CD0052404C /* main.swift in Sources */,
			);
			runOnlyForDeploymentPostprocessing = 0;
		};
		4CBA3893258483F70042CDDB /* Sources */ = {
			isa = PBXSourcesBuildPhase;
			buildActionMask = 2147483647;
			files = (
				4CBA38AB258484160042CDDB /* input.swift in Sources */,
				4CBA389A258483F70042CDDB /* main.swift in Sources */,
			);
			runOnlyForDeploymentPostprocessing = 0;
		};
		4CC0AEAC258878A40023DCA6 /* Sources */ = {
			isa = PBXSourcesBuildPhase;
			buildActionMask = 2147483647;
			files = (
				4CC0AEB3258878A40023DCA6 /* main.swift in Sources */,
			);
			runOnlyForDeploymentPostprocessing = 0;
		};
		4CCE28692587283600B28CF7 /* Sources */ = {
			isa = PBXSourcesBuildPhase;
			buildActionMask = 2147483647;
			files = (
				4CCE28832587285800B28CF7 /* input.swift in Sources */,
				4CCE28702587283600B28CF7 /* main.swift in Sources */,
			);
			runOnlyForDeploymentPostprocessing = 0;
		};
		4CD86C3D2582CBC70056921A /* Sources */ = {
			isa = PBXSourcesBuildPhase;
			buildActionMask = 2147483647;
			files = (
				4CD86C542582CC0E0056921A /* input.swift in Sources */,
				4CD86C442582CBC70056921A /* main.swift in Sources */,
			);
			runOnlyForDeploymentPostprocessing = 0;
		};
		4CDFF1672579978E0062203C /* Sources */ = {
			isa = PBXSourcesBuildPhase;
			buildActionMask = 2147483647;
			files = (
				4CDFF177257997E30062203C /* input.swift in Sources */,
				4CDFF16E2579978E0062203C /* main.swift in Sources */,
			);
			runOnlyForDeploymentPostprocessing = 0;
		};
		4CF7AF3825808F9500B21C44 /* Sources */ = {
			isa = PBXSourcesBuildPhase;
			buildActionMask = 2147483647;
			files = (
				4CF7AF4D25808FB300B21C44 /* input.swift in Sources */,
				4CF7AF3F25808F9500B21C44 /* main.swift in Sources */,
			);
			runOnlyForDeploymentPostprocessing = 0;
		};
/* End PBXSourcesBuildPhase section */

/* Begin XCBuildConfiguration section */
		4C05CE842589C72300371E21 /* Debug */ = {
			isa = XCBuildConfiguration;
			buildSettings = {
				CODE_SIGN_STYLE = Automatic;
				DEVELOPMENT_TEAM = DHBZWL349Q;
				ENABLE_HARDENED_RUNTIME = YES;
				PRODUCT_NAME = "$(TARGET_NAME)";
				SWIFT_VERSION = 5.0;
			};
			name = Debug;
		};
		4C05CE852589C72300371E21 /* Release */ = {
			isa = XCBuildConfiguration;
			buildSettings = {
				CODE_SIGN_STYLE = Automatic;
				DEVELOPMENT_TEAM = DHBZWL349Q;
				ENABLE_HARDENED_RUNTIME = YES;
				PRODUCT_NAME = "$(TARGET_NAME)";
				SWIFT_VERSION = 5.0;
			};
			name = Release;
		};
		4C2E85E425816C2F00A940A5 /* Debug */ = {
			isa = XCBuildConfiguration;
			buildSettings = {
				CODE_SIGN_IDENTITY = "-";
				CODE_SIGN_STYLE = Automatic;
				DEVELOPMENT_TEAM = DHBZWL349Q;
				ENABLE_HARDENED_RUNTIME = YES;
				PRODUCT_NAME = "$(TARGET_NAME)";
				SWIFT_VERSION = 5.0;
			};
			name = Debug;
		};
		4C2E85E525816C2F00A940A5 /* Release */ = {
			isa = XCBuildConfiguration;
			buildSettings = {
				CODE_SIGN_IDENTITY = "-";
				CODE_SIGN_STYLE = Automatic;
				DEVELOPMENT_TEAM = DHBZWL349Q;
				ENABLE_HARDENED_RUNTIME = YES;
				PRODUCT_NAME = "$(TARGET_NAME)";
				SWIFT_VERSION = 5.0;
			};
			name = Release;
		};
		4C3035CA257DEC01001F033A /* Debug */ = {
			isa = XCBuildConfiguration;
			buildSettings = {
				CODE_SIGN_IDENTITY = "-";
				CODE_SIGN_STYLE = Automatic;
				DEVELOPMENT_TEAM = DHBZWL349Q;
				ENABLE_HARDENED_RUNTIME = YES;
				PRODUCT_NAME = "$(TARGET_NAME)";
				SWIFT_VERSION = 5.0;
			};
			name = Debug;
		};
		4C3035CB257DEC01001F033A /* Release */ = {
			isa = XCBuildConfiguration;
			buildSettings = {
				CODE_SIGN_IDENTITY = "-";
				CODE_SIGN_STYLE = Automatic;
				DEVELOPMENT_TEAM = DHBZWL349Q;
				ENABLE_HARDENED_RUNTIME = YES;
				PRODUCT_NAME = "$(TARGET_NAME)";
				SWIFT_VERSION = 5.0;
			};
			name = Release;
		};
		4C324294257604B800935C89 /* Debug */ = {
			isa = XCBuildConfiguration;
			buildSettings = {
				ALWAYS_SEARCH_USER_PATHS = NO;
				CLANG_ANALYZER_NONNULL = YES;
				CLANG_ANALYZER_NUMBER_OBJECT_CONVERSION = YES_AGGRESSIVE;
				CLANG_CXX_LANGUAGE_STANDARD = "gnu++14";
				CLANG_CXX_LIBRARY = "libc++";
				CLANG_ENABLE_MODULES = YES;
				CLANG_ENABLE_OBJC_ARC = YES;
				CLANG_ENABLE_OBJC_WEAK = YES;
				CLANG_WARN_BLOCK_CAPTURE_AUTORELEASING = YES;
				CLANG_WARN_BOOL_CONVERSION = YES;
				CLANG_WARN_COMMA = YES;
				CLANG_WARN_CONSTANT_CONVERSION = YES;
				CLANG_WARN_DEPRECATED_OBJC_IMPLEMENTATIONS = YES;
				CLANG_WARN_DIRECT_OBJC_ISA_USAGE = YES_ERROR;
				CLANG_WARN_DOCUMENTATION_COMMENTS = YES;
				CLANG_WARN_EMPTY_BODY = YES;
				CLANG_WARN_ENUM_CONVERSION = YES;
				CLANG_WARN_INFINITE_RECURSION = YES;
				CLANG_WARN_INT_CONVERSION = YES;
				CLANG_WARN_NON_LITERAL_NULL_CONVERSION = YES;
				CLANG_WARN_OBJC_IMPLICIT_RETAIN_SELF = YES;
				CLANG_WARN_OBJC_LITERAL_CONVERSION = YES;
				CLANG_WARN_OBJC_ROOT_CLASS = YES_ERROR;
				CLANG_WARN_QUOTED_INCLUDE_IN_FRAMEWORK_HEADER = YES;
				CLANG_WARN_RANGE_LOOP_ANALYSIS = YES;
				CLANG_WARN_STRICT_PROTOTYPES = YES;
				CLANG_WARN_SUSPICIOUS_MOVE = YES;
				CLANG_WARN_UNGUARDED_AVAILABILITY = YES_AGGRESSIVE;
				CLANG_WARN_UNREACHABLE_CODE = YES;
				CLANG_WARN__DUPLICATE_METHOD_MATCH = YES;
				COPY_PHASE_STRIP = NO;
				DEBUG_INFORMATION_FORMAT = dwarf;
				ENABLE_STRICT_OBJC_MSGSEND = YES;
				ENABLE_TESTABILITY = YES;
				GCC_C_LANGUAGE_STANDARD = gnu11;
				GCC_DYNAMIC_NO_PIC = NO;
				GCC_NO_COMMON_BLOCKS = YES;
				GCC_OPTIMIZATION_LEVEL = 0;
				GCC_PREPROCESSOR_DEFINITIONS = (
					"DEBUG=1",
					"$(inherited)",
				);
				GCC_WARN_64_TO_32_BIT_CONVERSION = YES;
				GCC_WARN_ABOUT_RETURN_TYPE = YES_ERROR;
				GCC_WARN_UNDECLARED_SELECTOR = YES;
				GCC_WARN_UNINITIALIZED_AUTOS = YES_AGGRESSIVE;
				GCC_WARN_UNUSED_FUNCTION = YES;
				GCC_WARN_UNUSED_VARIABLE = YES;
				MACOSX_DEPLOYMENT_TARGET = 10.15;
				MTL_ENABLE_DEBUG_INFO = INCLUDE_SOURCE;
				MTL_FAST_MATH = YES;
				ONLY_ACTIVE_ARCH = YES;
				SDKROOT = macosx;
				SWIFT_ACTIVE_COMPILATION_CONDITIONS = DEBUG;
				SWIFT_OPTIMIZATION_LEVEL = "-Onone";
			};
			name = Debug;
		};
		4C324295257604B800935C89 /* Release */ = {
			isa = XCBuildConfiguration;
			buildSettings = {
				ALWAYS_SEARCH_USER_PATHS = NO;
				CLANG_ANALYZER_NONNULL = YES;
				CLANG_ANALYZER_NUMBER_OBJECT_CONVERSION = YES_AGGRESSIVE;
				CLANG_CXX_LANGUAGE_STANDARD = "gnu++14";
				CLANG_CXX_LIBRARY = "libc++";
				CLANG_ENABLE_MODULES = YES;
				CLANG_ENABLE_OBJC_ARC = YES;
				CLANG_ENABLE_OBJC_WEAK = YES;
				CLANG_WARN_BLOCK_CAPTURE_AUTORELEASING = YES;
				CLANG_WARN_BOOL_CONVERSION = YES;
				CLANG_WARN_COMMA = YES;
				CLANG_WARN_CONSTANT_CONVERSION = YES;
				CLANG_WARN_DEPRECATED_OBJC_IMPLEMENTATIONS = YES;
				CLANG_WARN_DIRECT_OBJC_ISA_USAGE = YES_ERROR;
				CLANG_WARN_DOCUMENTATION_COMMENTS = YES;
				CLANG_WARN_EMPTY_BODY = YES;
				CLANG_WARN_ENUM_CONVERSION = YES;
				CLANG_WARN_INFINITE_RECURSION = YES;
				CLANG_WARN_INT_CONVERSION = YES;
				CLANG_WARN_NON_LITERAL_NULL_CONVERSION = YES;
				CLANG_WARN_OBJC_IMPLICIT_RETAIN_SELF = YES;
				CLANG_WARN_OBJC_LITERAL_CONVERSION = YES;
				CLANG_WARN_OBJC_ROOT_CLASS = YES_ERROR;
				CLANG_WARN_QUOTED_INCLUDE_IN_FRAMEWORK_HEADER = YES;
				CLANG_WARN_RANGE_LOOP_ANALYSIS = YES;
				CLANG_WARN_STRICT_PROTOTYPES = YES;
				CLANG_WARN_SUSPICIOUS_MOVE = YES;
				CLANG_WARN_UNGUARDED_AVAILABILITY = YES_AGGRESSIVE;
				CLANG_WARN_UNREACHABLE_CODE = YES;
				CLANG_WARN__DUPLICATE_METHOD_MATCH = YES;
				COPY_PHASE_STRIP = NO;
				DEBUG_INFORMATION_FORMAT = "dwarf-with-dsym";
				ENABLE_NS_ASSERTIONS = NO;
				ENABLE_STRICT_OBJC_MSGSEND = YES;
				GCC_C_LANGUAGE_STANDARD = gnu11;
				GCC_NO_COMMON_BLOCKS = YES;
				GCC_WARN_64_TO_32_BIT_CONVERSION = YES;
				GCC_WARN_ABOUT_RETURN_TYPE = YES_ERROR;
				GCC_WARN_UNDECLARED_SELECTOR = YES;
				GCC_WARN_UNINITIALIZED_AUTOS = YES_AGGRESSIVE;
				GCC_WARN_UNUSED_FUNCTION = YES;
				GCC_WARN_UNUSED_VARIABLE = YES;
				MACOSX_DEPLOYMENT_TARGET = 10.15;
				MTL_ENABLE_DEBUG_INFO = NO;
				MTL_FAST_MATH = YES;
				SDKROOT = macosx;
				SWIFT_COMPILATION_MODE = wholemodule;
				SWIFT_OPTIMIZATION_LEVEL = "-O";
			};
			name = Release;
		};
		4C3242BC2576052500935C89 /* Debug */ = {
			isa = XCBuildConfiguration;
			buildSettings = {
				CODE_SIGN_IDENTITY = "-";
				CODE_SIGN_STYLE = Automatic;
				DEVELOPMENT_TEAM = DHBZWL349Q;
				ENABLE_HARDENED_RUNTIME = YES;
				PRODUCT_NAME = "$(TARGET_NAME)";
				SWIFT_VERSION = 5.0;
			};
			name = Debug;
		};
		4C3242BD2576052500935C89 /* Release */ = {
			isa = XCBuildConfiguration;
			buildSettings = {
				CODE_SIGN_IDENTITY = "-";
				CODE_SIGN_STYLE = Automatic;
				DEVELOPMENT_TEAM = DHBZWL349Q;
				ENABLE_HARDENED_RUNTIME = YES;
				PRODUCT_NAME = "$(TARGET_NAME)";
				SWIFT_VERSION = 5.0;
			};
			name = Release;
		};
		4C34AB3A257F3F8B0042C348 /* Debug */ = {
			isa = XCBuildConfiguration;
			buildSettings = {
				CODE_SIGN_IDENTITY = "-";
				CODE_SIGN_STYLE = Automatic;
				DEVELOPMENT_TEAM = DHBZWL349Q;
				ENABLE_HARDENED_RUNTIME = YES;
				PRODUCT_NAME = "$(TARGET_NAME)";
				SWIFT_VERSION = 5.0;
			};
			name = Debug;
		};
		4C34AB3B257F3F8B0042C348 /* Release */ = {
			isa = XCBuildConfiguration;
			buildSettings = {
				CODE_SIGN_IDENTITY = "-";
				CODE_SIGN_STYLE = Automatic;
				DEVELOPMENT_TEAM = DHBZWL349Q;
				ENABLE_HARDENED_RUNTIME = YES;
				PRODUCT_NAME = "$(TARGET_NAME)";
				SWIFT_VERSION = 5.0;
			};
			name = Release;
		};
		4C369E48257C9AF0006CA4B0 /* Debug */ = {
			isa = XCBuildConfiguration;
			buildSettings = {
				CODE_SIGN_IDENTITY = "-";
				CODE_SIGN_STYLE = Automatic;
				DEVELOPMENT_TEAM = DHBZWL349Q;
				ENABLE_HARDENED_RUNTIME = YES;
				PRODUCT_NAME = "$(TARGET_NAME)";
				SWIFT_VERSION = 5.0;
			};
			name = Debug;
		};
		4C369E49257C9AF0006CA4B0 /* Release */ = {
			isa = XCBuildConfiguration;
			buildSettings = {
				CODE_SIGN_IDENTITY = "-";
				CODE_SIGN_STYLE = Automatic;
				DEVELOPMENT_TEAM = DHBZWL349Q;
				ENABLE_HARDENED_RUNTIME = YES;
				PRODUCT_NAME = "$(TARGET_NAME)";
				SWIFT_VERSION = 5.0;
			};
			name = Release;
		};
		4C66E8292578A7EB006E934A /* Debug */ = {
			isa = XCBuildConfiguration;
			buildSettings = {
				CODE_SIGN_IDENTITY = "-";
				CODE_SIGN_STYLE = Automatic;
				DEVELOPMENT_TEAM = DHBZWL349Q;
				ENABLE_HARDENED_RUNTIME = YES;
				PRODUCT_NAME = "$(TARGET_NAME)";
				SWIFT_VERSION = 5.0;
			};
			name = Debug;
		};
		4C66E82A2578A7EB006E934A /* Release */ = {
			isa = XCBuildConfiguration;
			buildSettings = {
				CODE_SIGN_IDENTITY = "-";
				CODE_SIGN_STYLE = Automatic;
				DEVELOPMENT_TEAM = DHBZWL349Q;
				ENABLE_HARDENED_RUNTIME = YES;
				PRODUCT_NAME = "$(TARGET_NAME)";
				SWIFT_VERSION = 5.0;
			};
			name = Release;
		};
		4C6E42F2258B1A6E002E891F /* Debug */ = {
			isa = XCBuildConfiguration;
			buildSettings = {
				CODE_SIGN_STYLE = Automatic;
				DEVELOPMENT_TEAM = DHBZWL349Q;
				ENABLE_HARDENED_RUNTIME = YES;
				PRODUCT_NAME = "$(TARGET_NAME)";
				SWIFT_VERSION = 5.0;
			};
			name = Debug;
		};
		4C6E42F3258B1A6E002E891F /* Release */ = {
			isa = XCBuildConfiguration;
			buildSettings = {
				CODE_SIGN_STYLE = Automatic;
				DEVELOPMENT_TEAM = DHBZWL349Q;
				ENABLE_HARDENED_RUNTIME = YES;
				PRODUCT_NAME = "$(TARGET_NAME)";
				SWIFT_VERSION = 5.0;
			};
			name = Release;
		};
		4C74E152258C6C1D00526D10 /* Debug */ = {
			isa = XCBuildConfiguration;
			buildSettings = {
				CODE_SIGN_STYLE = Automatic;
				DEVELOPMENT_TEAM = DHBZWL349Q;
				ENABLE_HARDENED_RUNTIME = YES;
				PRODUCT_NAME = "$(TARGET_NAME)";
				SWIFT_VERSION = 5.0;
			};
			name = Debug;
		};
		4C74E153258C6C1D00526D10 /* Release */ = {
			isa = XCBuildConfiguration;
			buildSettings = {
				CODE_SIGN_STYLE = Automatic;
				DEVELOPMENT_TEAM = DHBZWL349Q;
				ENABLE_HARDENED_RUNTIME = YES;
				PRODUCT_NAME = "$(TARGET_NAME)";
				SWIFT_VERSION = 5.0;
			};
			name = Release;
		};
		4C7FD233257B4911006C82AF /* Debug */ = {
			isa = XCBuildConfiguration;
			buildSettings = {
				CODE_SIGN_IDENTITY = "-";
				CODE_SIGN_STYLE = Automatic;
				DEVELOPMENT_TEAM = DHBZWL349Q;
				ENABLE_HARDENED_RUNTIME = YES;
				PRODUCT_NAME = "$(TARGET_NAME)";
				SWIFT_VERSION = 5.0;
			};
			name = Debug;
		};
		4C7FD234257B4911006C82AF /* Release */ = {
			isa = XCBuildConfiguration;
			buildSettings = {
				CODE_SIGN_IDENTITY = "-";
				CODE_SIGN_STYLE = Automatic;
				DEVELOPMENT_TEAM = DHBZWL349Q;
				ENABLE_HARDENED_RUNTIME = YES;
				PRODUCT_NAME = "$(TARGET_NAME)";
				SWIFT_VERSION = 5.0;
			};
			name = Release;
		};
		4C875FBE2577561400960915 /* Debug */ = {
			isa = XCBuildConfiguration;
			buildSettings = {
				CODE_SIGN_IDENTITY = "-";
				CODE_SIGN_STYLE = Automatic;
				DEVELOPMENT_TEAM = DHBZWL349Q;
				ENABLE_HARDENED_RUNTIME = YES;
				PRODUCT_NAME = "$(TARGET_NAME)";
				SWIFT_VERSION = 5.0;
			};
			name = Debug;
		};
		4C875FBF2577561400960915 /* Release */ = {
			isa = XCBuildConfiguration;
			buildSettings = {
				CODE_SIGN_IDENTITY = "-";
				CODE_SIGN_STYLE = Automatic;
				DEVELOPMENT_TEAM = DHBZWL349Q;
				ENABLE_HARDENED_RUNTIME = YES;
				PRODUCT_NAME = "$(TARGET_NAME)";
				SWIFT_VERSION = 5.0;
			};
			name = Release;
		};
		4CAD5C192585D5CD0052404C /* Debug */ = {
			isa = XCBuildConfiguration;
			buildSettings = {
				CODE_SIGN_IDENTITY = "-";
				CODE_SIGN_STYLE = Automatic;
				DEVELOPMENT_TEAM = DHBZWL349Q;
				ENABLE_HARDENED_RUNTIME = YES;
				PRODUCT_NAME = "$(TARGET_NAME)";
				SWIFT_VERSION = 5.0;
			};
			name = Debug;
		};
		4CAD5C1A2585D5CD0052404C /* Release */ = {
			isa = XCBuildConfiguration;
			buildSettings = {
				CODE_SIGN_IDENTITY = "-";
				CODE_SIGN_STYLE = Automatic;
				DEVELOPMENT_TEAM = DHBZWL349Q;
				ENABLE_HARDENED_RUNTIME = YES;
				PRODUCT_NAME = "$(TARGET_NAME)";
				SWIFT_VERSION = 5.0;
			};
			name = Release;
		};
		4CBA389B258483F70042CDDB /* Debug */ = {
			isa = XCBuildConfiguration;
			buildSettings = {
				CODE_SIGN_IDENTITY = "-";
				CODE_SIGN_STYLE = Automatic;
				DEVELOPMENT_TEAM = DHBZWL349Q;
				ENABLE_HARDENED_RUNTIME = YES;
				PRODUCT_NAME = "$(TARGET_NAME)";
				SWIFT_VERSION = 5.0;
			};
			name = Debug;
		};
		4CBA389C258483F70042CDDB /* Release */ = {
			isa = XCBuildConfiguration;
			buildSettings = {
				CODE_SIGN_IDENTITY = "-";
				CODE_SIGN_STYLE = Automatic;
				DEVELOPMENT_TEAM = DHBZWL349Q;
				ENABLE_HARDENED_RUNTIME = YES;
				PRODUCT_NAME = "$(TARGET_NAME)";
				SWIFT_VERSION = 5.0;
			};
			name = Release;
		};
		4CC0AEB4258878A40023DCA6 /* Debug */ = {
			isa = XCBuildConfiguration;
			buildSettings = {
				CODE_SIGN_STYLE = Automatic;
				DEVELOPMENT_TEAM = DHBZWL349Q;
				ENABLE_HARDENED_RUNTIME = YES;
				PRODUCT_NAME = "$(TARGET_NAME)";
				SWIFT_VERSION = 5.0;
			};
			name = Debug;
		};
		4CC0AEB5258878A40023DCA6 /* Release */ = {
			isa = XCBuildConfiguration;
			buildSettings = {
				CODE_SIGN_STYLE = Automatic;
				DEVELOPMENT_TEAM = DHBZWL349Q;
				ENABLE_HARDENED_RUNTIME = YES;
				PRODUCT_NAME = "$(TARGET_NAME)";
				SWIFT_VERSION = 5.0;
			};
			name = Release;
		};
		4CCE28712587283600B28CF7 /* Debug */ = {
			isa = XCBuildConfiguration;
			buildSettings = {
				CODE_SIGN_IDENTITY = "-";
				CODE_SIGN_STYLE = Automatic;
				DEVELOPMENT_TEAM = DHBZWL349Q;
				ENABLE_HARDENED_RUNTIME = YES;
				PRODUCT_NAME = "$(TARGET_NAME)";
				SWIFT_VERSION = 5.0;
			};
			name = Debug;
		};
		4CCE28722587283600B28CF7 /* Release */ = {
			isa = XCBuildConfiguration;
			buildSettings = {
				CODE_SIGN_IDENTITY = "-";
				CODE_SIGN_STYLE = Automatic;
				DEVELOPMENT_TEAM = DHBZWL349Q;
				ENABLE_HARDENED_RUNTIME = YES;
				PRODUCT_NAME = "$(TARGET_NAME)";
				SWIFT_VERSION = 5.0;
			};
			name = Release;
		};
		4CD86C452582CBC70056921A /* Debug */ = {
			isa = XCBuildConfiguration;
			buildSettings = {
				CODE_SIGN_IDENTITY = "-";
				CODE_SIGN_STYLE = Automatic;
				DEVELOPMENT_TEAM = DHBZWL349Q;
				ENABLE_HARDENED_RUNTIME = YES;
				PRODUCT_NAME = "$(TARGET_NAME)";
				SWIFT_VERSION = 5.0;
			};
			name = Debug;
		};
		4CD86C462582CBC70056921A /* Release */ = {
			isa = XCBuildConfiguration;
			buildSettings = {
				CODE_SIGN_IDENTITY = "-";
				CODE_SIGN_STYLE = Automatic;
				DEVELOPMENT_TEAM = DHBZWL349Q;
				ENABLE_HARDENED_RUNTIME = YES;
				PRODUCT_NAME = "$(TARGET_NAME)";
				SWIFT_VERSION = 5.0;
			};
			name = Release;
		};
		4CDFF16F2579978E0062203C /* Debug */ = {
			isa = XCBuildConfiguration;
			buildSettings = {
				CODE_SIGN_IDENTITY = "-";
				CODE_SIGN_STYLE = Automatic;
				DEVELOPMENT_TEAM = DHBZWL349Q;
				ENABLE_HARDENED_RUNTIME = YES;
				PRODUCT_NAME = "$(TARGET_NAME)";
				SWIFT_VERSION = 5.0;
			};
			name = Debug;
		};
		4CDFF1702579978E0062203C /* Release */ = {
			isa = XCBuildConfiguration;
			buildSettings = {
				CODE_SIGN_IDENTITY = "-";
				CODE_SIGN_STYLE = Automatic;
				DEVELOPMENT_TEAM = DHBZWL349Q;
				ENABLE_HARDENED_RUNTIME = YES;
				PRODUCT_NAME = "$(TARGET_NAME)";
				SWIFT_VERSION = 5.0;
			};
			name = Release;
		};
		4CF7AF4025808F9500B21C44 /* Debug */ = {
			isa = XCBuildConfiguration;
			buildSettings = {
				CODE_SIGN_IDENTITY = "-";
				CODE_SIGN_STYLE = Automatic;
				DEVELOPMENT_TEAM = DHBZWL349Q;
				ENABLE_HARDENED_RUNTIME = YES;
				PRODUCT_NAME = "$(TARGET_NAME)";
				SWIFT_VERSION = 5.0;
			};
			name = Debug;
		};
		4CF7AF4125808F9500B21C44 /* Release */ = {
			isa = XCBuildConfiguration;
			buildSettings = {
				CODE_SIGN_IDENTITY = "-";
				CODE_SIGN_STYLE = Automatic;
				DEVELOPMENT_TEAM = DHBZWL349Q;
				ENABLE_HARDENED_RUNTIME = YES;
				PRODUCT_NAME = "$(TARGET_NAME)";
				SWIFT_VERSION = 5.0;
			};
			name = Release;
		};
/* End XCBuildConfiguration section */

/* Begin XCConfigurationList section */
		4C05CE862589C72300371E21 /* Build configuration list for PBXNativeTarget "Day16" */ = {
			isa = XCConfigurationList;
			buildConfigurations = (
				4C05CE842589C72300371E21 /* Debug */,
				4C05CE852589C72300371E21 /* Release */,
			);
			defaultConfigurationIsVisible = 0;
			defaultConfigurationName = Release;
		};
		4C2E85E625816C2F00A940A5 /* Build configuration list for PBXNativeTarget "Day10" */ = {
			isa = XCConfigurationList;
			buildConfigurations = (
				4C2E85E425816C2F00A940A5 /* Debug */,
				4C2E85E525816C2F00A940A5 /* Release */,
			);
			defaultConfigurationIsVisible = 0;
			defaultConfigurationName = Release;
		};
		4C3035CC257DEC01001F033A /* Build configuration list for PBXNativeTarget "Day07" */ = {
			isa = XCConfigurationList;
			buildConfigurations = (
				4C3035CA257DEC01001F033A /* Debug */,
				4C3035CB257DEC01001F033A /* Release */,
			);
			defaultConfigurationIsVisible = 0;
			defaultConfigurationName = Release;
		};
		4C32428A257604B800935C89 /* Build configuration list for PBXProject "Advent of Code 2020" */ = {
			isa = XCConfigurationList;
			buildConfigurations = (
				4C324294257604B800935C89 /* Debug */,
				4C324295257604B800935C89 /* Release */,
			);
			defaultConfigurationIsVisible = 0;
			defaultConfigurationName = Release;
		};
		4C3242BB2576052500935C89 /* Build configuration list for PBXNativeTarget "Day01" */ = {
			isa = XCConfigurationList;
			buildConfigurations = (
				4C3242BC2576052500935C89 /* Debug */,
				4C3242BD2576052500935C89 /* Release */,
			);
			defaultConfigurationIsVisible = 0;
			defaultConfigurationName = Release;
		};
		4C34AB3C257F3F8B0042C348 /* Build configuration list for PBXNativeTarget "Day08" */ = {
			isa = XCConfigurationList;
			buildConfigurations = (
				4C34AB3A257F3F8B0042C348 /* Debug */,
				4C34AB3B257F3F8B0042C348 /* Release */,
			);
			defaultConfigurationIsVisible = 0;
			defaultConfigurationName = Release;
		};
		4C369E4A257C9AF0006CA4B0 /* Build configuration list for PBXNativeTarget "Day06" */ = {
			isa = XCConfigurationList;
			buildConfigurations = (
				4C369E48257C9AF0006CA4B0 /* Debug */,
				4C369E49257C9AF0006CA4B0 /* Release */,
			);
			defaultConfigurationIsVisible = 0;
			defaultConfigurationName = Release;
		};
		4C66E82B2578A7EB006E934A /* Build configuration list for PBXNativeTarget "Day03" */ = {
			isa = XCConfigurationList;
			buildConfigurations = (
				4C66E8292578A7EB006E934A /* Debug */,
				4C66E82A2578A7EB006E934A /* Release */,
			);
			defaultConfigurationIsVisible = 0;
			defaultConfigurationName = Release;
		};
		4C6E42F4258B1A6E002E891F /* Build configuration list for PBXNativeTarget "Day17" */ = {
			isa = XCConfigurationList;
			buildConfigurations = (
				4C6E42F2258B1A6E002E891F /* Debug */,
				4C6E42F3258B1A6E002E891F /* Release */,
			);
			defaultConfigurationIsVisible = 0;
			defaultConfigurationName = Release;
		};
		4C74E154258C6C1D00526D10 /* Build configuration list for PBXNativeTarget "Day18" */ = {
			isa = XCConfigurationList;
			buildConfigurations = (
				4C74E152258C6C1D00526D10 /* Debug */,
				4C74E153258C6C1D00526D10 /* Release */,
			);
			defaultConfigurationIsVisible = 0;
			defaultConfigurationName = Release;
		};
		4C7FD235257B4911006C82AF /* Build configuration list for PBXNativeTarget "Day05" */ = {
			isa = XCConfigurationList;
			buildConfigurations = (
				4C7FD233257B4911006C82AF /* Debug */,
				4C7FD234257B4911006C82AF /* Release */,
			);
			defaultConfigurationIsVisible = 0;
			defaultConfigurationName = Release;
		};
		4C875FC02577561400960915 /* Build configuration list for PBXNativeTarget "Day02" */ = {
			isa = XCConfigurationList;
			buildConfigurations = (
				4C875FBE2577561400960915 /* Debug */,
				4C875FBF2577561400960915 /* Release */,
			);
			defaultConfigurationIsVisible = 0;
			defaultConfigurationName = Release;
		};
		4CAD5C1B2585D5CD0052404C /* Build configuration list for PBXNativeTarget "Day13" */ = {
			isa = XCConfigurationList;
			buildConfigurations = (
				4CAD5C192585D5CD0052404C /* Debug */,
				4CAD5C1A2585D5CD0052404C /* Release */,
			);
			defaultConfigurationIsVisible = 0;
			defaultConfigurationName = Release;
		};
		4CBA389D258483F70042CDDB /* Build configuration list for PBXNativeTarget "Day12" */ = {
			isa = XCConfigurationList;
			buildConfigurations = (
				4CBA389B258483F70042CDDB /* Debug */,
				4CBA389C258483F70042CDDB /* Release */,
			);
			defaultConfigurationIsVisible = 0;
			defaultConfigurationName = Release;
		};
		4CC0AEB6258878A40023DCA6 /* Build configuration list for PBXNativeTarget "Day15" */ = {
			isa = XCConfigurationList;
			buildConfigurations = (
				4CC0AEB4258878A40023DCA6 /* Debug */,
				4CC0AEB5258878A40023DCA6 /* Release */,
			);
			defaultConfigurationIsVisible = 0;
			defaultConfigurationName = Release;
		};
		4CCE28732587283600B28CF7 /* Build configuration list for PBXNativeTarget "Day14" */ = {
			isa = XCConfigurationList;
			buildConfigurations = (
				4CCE28712587283600B28CF7 /* Debug */,
				4CCE28722587283600B28CF7 /* Release */,
			);
			defaultConfigurationIsVisible = 0;
			defaultConfigurationName = Release;
		};
		4CD86C472582CBC70056921A /* Build configuration list for PBXNativeTarget "Day11" */ = {
			isa = XCConfigurationList;
			buildConfigurations = (
				4CD86C452582CBC70056921A /* Debug */,
				4CD86C462582CBC70056921A /* Release */,
			);
			defaultConfigurationIsVisible = 0;
			defaultConfigurationName = Release;
		};
		4CDFF1712579978E0062203C /* Build configuration list for PBXNativeTarget "Day04" */ = {
			isa = XCConfigurationList;
			buildConfigurations = (
				4CDFF16F2579978E0062203C /* Debug */,
				4CDFF1702579978E0062203C /* Release */,
			);
			defaultConfigurationIsVisible = 0;
			defaultConfigurationName = Release;
		};
		4CF7AF4225808F9500B21C44 /* Build configuration list for PBXNativeTarget "Day09" */ = {
			isa = XCConfigurationList;
			buildConfigurations = (
				4CF7AF4025808F9500B21C44 /* Debug */,
				4CF7AF4125808F9500B21C44 /* Release */,
			);
			defaultConfigurationIsVisible = 0;
			defaultConfigurationName = Release;
		};
/* End XCConfigurationList section */
	};
	rootObject = 4C324287257604B800935C89 /* Project object */;
}
